
Microsoft Visual Studio Solution File, Format Version 12.00
# Visual Studio Version 17
VisualStudioVersion = 17.14.36301.6 d17.14
MinimumVisualStudioVersion = 10.0.40219.1
Project("{FAE04EC0-301F-11D3-BF4B-00C04F79EFBC}") = "Aris3.0", "Aris3.0\Aris3.0.csproj", "{E684B719-3D7E-4103-B95A-533CC31DDDE7}"
EndProject
Project("{FAE04EC0-301F-11D3-BF4B-00C04F79EFBC}") = "Aris3.0.Domain", "Aris3.0.Domain\Aris3.0.Domain.csproj", "{CB5B22B8-0D4E-4EE2-B044-A6BA5D6F40BE}"
EndProject
Project("{FAE04EC0-301F-11D3-BF4B-00C04F79EFBC}") = "Aris3.0.Infrastructure", "Aris3.0.Infrastructure\Aris3.0.Infrastructure.csproj", "{6EF75373-9867-4038-A19C-453ABCB8B4E1}"
EndProject
Project("{FAE04EC0-301F-11D3-BF4B-00C04F79EFBC}") = "Aris3.0.Application", "Aris3.0.Application\Aris3.0.Application.csproj", "{C2238B6B-3487-4483-9904-02A9F966A70B}"
EndProject
Project("{FAE04EC0-301F-11D3-BF4B-00C04F79EFBC}") = "Aris3.0Fe", "Aris3.0Fe\Aris3.0Fe.csproj", "{46202F9A-D1B4-41CF-A5B2-A25F2B26C2D6}"
EndProject
Global
	GlobalSection(SolutionConfigurationPlatforms) = preSolution
		Debug|Any CPU = Debug|Any CPU
		Release|Any CPU = Release|Any CPU
	EndGlobalSection
	GlobalSection(ProjectConfigurationPlatforms) = postSolution
		{E684B719-3D7E-4103-B95A-533CC31DDDE7}.Debug|Any CPU.ActiveCfg = Debug|Any CPU
		{E684B719-3D7E-4103-B95A-533CC31DDDE7}.Debug|Any CPU.Build.0 = Debug|Any CPU
		{E684B719-3D7E-4103-B95A-533CC31DDDE7}.Release|Any CPU.ActiveCfg = Release|Any CPU
		{E684B719-3D7E-4103-B95A-533CC31DDDE7}.Release|Any CPU.Build.0 = Release|Any CPU
		{CB5B22B8-0D4E-4EE2-B044-A6BA5D6F40BE}.Debug|Any CPU.ActiveCfg = Debug|Any CPU
		{CB5B22B8-0D4E-4EE2-B044-A6BA5D6F40BE}.Debug|Any CPU.Build.0 = Debug|Any CPU
		{CB5B22B8-0D4E-4EE2-B044-A6BA5D6F40BE}.Release|Any CPU.ActiveCfg = Release|Any CPU
		{CB5B22B8-0D4E-4EE2-B044-A6BA5D6F40BE}.Release|Any CPU.Build.0 = Release|Any CPU
		{6EF75373-9867-4038-A19C-453ABCB8B4E1}.Debug|Any CPU.ActiveCfg = Debug|Any CPU
		{6EF75373-9867-4038-A19C-453ABCB8B4E1}.Debug|Any CPU.Build.0 = Debug|Any CPU
		{6EF75373-9867-4038-A19C-453ABCB8B4E1}.Release|Any CPU.ActiveCfg = Release|Any CPU
		{6EF75373-9867-4038-A19C-453ABCB8B4E1}.Release|Any CPU.Build.0 = Release|Any CPU
		{C2238B6B-3487-4483-9904-02A9F966A70B}.Debug|Any CPU.ActiveCfg = Debug|Any CPU
		{C2238B6B-3487-4483-9904-02A9F966A70B}.Debug|Any CPU.Build.0 = Debug|Any CPU
		{C2238B6B-3487-4483-9904-02A9F966A70B}.Release|Any CPU.ActiveCfg = Release|Any CPU
		{C2238B6B-3487-4483-9904-02A9F966A70B}.Release|Any CPU.Build.0 = Release|Any CPU
		{46202F9A-D1B4-41CF-A5B2-A25F2B26C2D6}.Debug|Any CPU.ActiveCfg = Debug|Any CPU
		{46202F9A-D1B4-41CF-A5B2-A25F2B26C2D6}.Debug|Any CPU.Build.0 = Debug|Any CPU
		{46202F9A-D1B4-41CF-A5B2-A25F2B26C2D6}.Release|Any CPU.ActiveCfg = Release|Any CPU
		{46202F9A-D1B4-41CF-A5B2-A25F2B26C2D6}.Release|Any CPU.Build.0 = Release|Any CPU
	EndGlobalSection
	GlobalSection(SolutionProperties) = preSolution
		HideSolutionNode = FALSE
	EndGlobalSection
	GlobalSection(ExtensibilityGlobals) = postSolution
		SolutionGuid = {FC67AEAA-79AE-4B9C-A813-986E1743AF9A}
	EndGlobalSection
EndGlobal
